// !$*UTF8*$!
{
	archiveVersion = 1;
	classes = {
	};
	objectVersion = 56;
	objects = {

/* Begin PBXBuildFile section */
		A951C1582B05664400885E30 /* AppDelegate.swift in Sources */ = {isa = PBXBuildFile; fileRef = A951C1572B05664400885E30 /* AppDelegate.swift */; };
		A951C1612B05664700885E30 /* Assets.xcassets in Resources */ = {isa = PBXBuildFile; fileRef = A951C1602B05664700885E30 /* Assets.xcassets */; };
		A951C1642B05664700885E30 /* LaunchScreen.storyboard in Resources */ = {isa = PBXBuildFile; fileRef = A951C1622B05664700885E30 /* LaunchScreen.storyboard */; };
		A951C1732B05673B00885E30 /* MainViewController.swift in Sources */ = {isa = PBXBuildFile; fileRef = A951C1712B05673B00885E30 /* MainViewController.swift */; };
		A951C1762B05684B00885E30 /* MainViewModel.swift in Sources */ = {isa = PBXBuildFile; fileRef = A951C1752B05684B00885E30 /* MainViewModel.swift */; };
		A951C17A2B056A7B00885E30 /* MainViewController.storyboard in Resources */ = {isa = PBXBuildFile; fileRef = A951C1792B056A7B00885E30 /* MainViewController.storyboard */; };
		A951C17C2B056B8A00885E30 /* MainViewController+TableView.swift in Sources */ = {isa = PBXBuildFile; fileRef = A951C17B2B056B8A00885E30 /* MainViewController+TableView.swift */; };
		A951C17F2B056BE700885E30 /* MainTableViewCell.xib in Resources */ = {isa = PBXBuildFile; fileRef = A951C17E2B056BE700885E30 /* MainTableViewCell.xib */; };
		A951C1812B056BF300885E30 /* MainTableViewCell.swift in Sources */ = {isa = PBXBuildFile; fileRef = A951C1802B056BF300885E30 /* MainTableViewCell.swift */; };
		A951C1832B057F5700885E30 /* Constants.swift in Sources */ = {isa = PBXBuildFile; fileRef = A951C1822B057F5700885E30 /* Constants.swift */; };
		A951C1872B05820900885E30 /* Movie.swift in Sources */ = {isa = PBXBuildFile; fileRef = A951C1862B05820900885E30 /* Movie.swift */; };
		A951C1892B05824B00885E30 /* TrendingMovieResponse.swift in Sources */ = {isa = PBXBuildFile; fileRef = A951C1882B05824B00885E30 /* TrendingMovieResponse.swift */; };
		A951C18B2B0588DB00885E30 /* URLResponse+Extension.swift in Sources */ = {isa = PBXBuildFile; fileRef = A951C18A2B0588DB00885E30 /* URLResponse+Extension.swift */; };
		A951C18E2B058B2C00885E30 /* DataTaskFactory.swift in Sources */ = {isa = PBXBuildFile; fileRef = A951C18D2B058B2C00885E30 /* DataTaskFactory.swift */; };
		A951C1902B058B5800885E30 /* RequestFactory.swift in Sources */ = {isa = PBXBuildFile; fileRef = A951C18F2B058B5800885E30 /* RequestFactory.swift */; };
		A951C1952B058D5B00885E30 /* MovieService.swift in Sources */ = {isa = PBXBuildFile; fileRef = A951C1942B058D5B00885E30 /* MovieService.swift */; };
		A951C1972B06CADF00885E30 /* NetworkError.swift in Sources */ = {isa = PBXBuildFile; fileRef = A951C1962B06CADF00885E30 /* NetworkError.swift */; };
		A951C1992B06D0F400885E30 /* TMDBKey.plist in Resources */ = {isa = PBXBuildFile; fileRef = A951C1982B06D0F400885E30 /* TMDBKey.plist */; };
		A951C19B2B0AF0E500885E30 /* MovieCellEntry.swift in Sources */ = {isa = PBXBuildFile; fileRef = A951C19A2B0AF0E500885E30 /* MovieCellEntry.swift */; };
		A951C1A02B0B030700885E30 /* MovieDetailViewController.swift in Sources */ = {isa = PBXBuildFile; fileRef = A951C19F2B0B030700885E30 /* MovieDetailViewController.swift */; };
		A951C1A22B0B031400885E30 /* MovieDetailViewController.storyboard in Resources */ = {isa = PBXBuildFile; fileRef = A951C1A12B0B031400885E30 /* MovieDetailViewController.storyboard */; };
/* End PBXBuildFile section */

/* Begin PBXFileReference section */
		A951C1542B05664400885E30 /* Movies.app */ = {isa = PBXFileReference; explicitFileType = wrapper.application; includeInIndex = 0; path = Movies.app; sourceTree = BUILT_PRODUCTS_DIR; };
		A951C1572B05664400885E30 /* AppDelegate.swift */ = {isa = PBXFileReference; lastKnownFileType = sourcecode.swift; path = AppDelegate.swift; sourceTree = "<group>"; };
		A951C1602B05664700885E30 /* Assets.xcassets */ = {isa = PBXFileReference; lastKnownFileType = folder.assetcatalog; path = Assets.xcassets; sourceTree = "<group>"; };
		A951C1632B05664700885E30 /* Base */ = {isa = PBXFileReference; lastKnownFileType = file.storyboard; name = Base; path = Base.lproj/LaunchScreen.storyboard; sourceTree = "<group>"; };
		A951C1652B05664700885E30 /* Info.plist */ = {isa = PBXFileReference; lastKnownFileType = text.plist.xml; path = Info.plist; sourceTree = "<group>"; };
		A951C1712B05673B00885E30 /* MainViewController.swift */ = {isa = PBXFileReference; lastKnownFileType = sourcecode.swift; path = MainViewController.swift; sourceTree = "<group>"; };
		A951C1752B05684B00885E30 /* MainViewModel.swift */ = {isa = PBXFileReference; lastKnownFileType = sourcecode.swift; path = MainViewModel.swift; sourceTree = "<group>"; };
		A951C1792B056A7B00885E30 /* MainViewController.storyboard */ = {isa = PBXFileReference; lastKnownFileType = file.storyboard; path = MainViewController.storyboard; sourceTree = "<group>"; };
		A951C17B2B056B8A00885E30 /* MainViewController+TableView.swift */ = {isa = PBXFileReference; lastKnownFileType = sourcecode.swift; path = "MainViewController+TableView.swift"; sourceTree = "<group>"; };
		A951C17E2B056BE700885E30 /* MainTableViewCell.xib */ = {isa = PBXFileReference; lastKnownFileType = file.xib; path = MainTableViewCell.xib; sourceTree = "<group>"; };
		A951C1802B056BF300885E30 /* MainTableViewCell.swift */ = {isa = PBXFileReference; lastKnownFileType = sourcecode.swift; path = MainTableViewCell.swift; sourceTree = "<group>"; };
		A951C1822B057F5700885E30 /* Constants.swift */ = {isa = PBXFileReference; lastKnownFileType = sourcecode.swift; path = Constants.swift; sourceTree = "<group>"; };
		A951C1862B05820900885E30 /* Movie.swift */ = {isa = PBXFileReference; lastKnownFileType = sourcecode.swift; path = Movie.swift; sourceTree = "<group>"; };
		A951C1882B05824B00885E30 /* TrendingMovieResponse.swift */ = {isa = PBXFileReference; lastKnownFileType = sourcecode.swift; path = TrendingMovieResponse.swift; sourceTree = "<group>"; };
		A951C18A2B0588DB00885E30 /* URLResponse+Extension.swift */ = {isa = PBXFileReference; lastKnownFileType = sourcecode.swift; path = "URLResponse+Extension.swift"; sourceTree = "<group>"; };
		A951C18D2B058B2C00885E30 /* DataTaskFactory.swift */ = {isa = PBXFileReference; lastKnownFileType = sourcecode.swift; path = DataTaskFactory.swift; sourceTree = "<group>"; };
		A951C18F2B058B5800885E30 /* RequestFactory.swift */ = {isa = PBXFileReference; lastKnownFileType = sourcecode.swift; path = RequestFactory.swift; sourceTree = "<group>"; };
		A951C1942B058D5B00885E30 /* MovieService.swift */ = {isa = PBXFileReference; lastKnownFileType = sourcecode.swift; path = MovieService.swift; sourceTree = "<group>"; };
		A951C1962B06CADF00885E30 /* NetworkError.swift */ = {isa = PBXFileReference; lastKnownFileType = sourcecode.swift; path = NetworkError.swift; sourceTree = "<group>"; };
		A951C1982B06D0F400885E30 /* TMDBKey.plist */ = {isa = PBXFileReference; lastKnownFileType = text.plist.xml; path = TMDBKey.plist; sourceTree = "<group>"; };
		A951C19A2B0AF0E500885E30 /* MovieCellEntry.swift */ = {isa = PBXFileReference; lastKnownFileType = sourcecode.swift; path = MovieCellEntry.swift; sourceTree = "<group>"; };
		A951C19F2B0B030700885E30 /* MovieDetailViewController.swift */ = {isa = PBXFileReference; lastKnownFileType = sourcecode.swift; path = MovieDetailViewController.swift; sourceTree = "<group>"; };
		A951C1A12B0B031400885E30 /* MovieDetailViewController.storyboard */ = {isa = PBXFileReference; lastKnownFileType = file.storyboard; path = MovieDetailViewController.storyboard; sourceTree = "<group>"; };
/* End PBXFileReference section */

/* Begin PBXFrameworksBuildPhase section */
		A951C1512B05664400885E30 /* Frameworks */ = {
			isa = PBXFrameworksBuildPhase;
			buildActionMask = 2147483647;
			files = (
			);
			runOnlyForDeploymentPostprocessing = 0;
		};
/* End PBXFrameworksBuildPhase section */

/* Begin PBXGroup section */
		A951C14B2B05664400885E30 = {
			isa = PBXGroup;
			children = (
				A951C1562B05664400885E30 /* Movies */,
				A951C1552B05664400885E30 /* Products */,
			);
			sourceTree = "<group>";
		};
		A951C1552B05664400885E30 /* Products */ = {
			isa = PBXGroup;
			children = (
				A951C1542B05664400885E30 /* Movies.app */,
			);
			name = Products;
			sourceTree = "<group>";
		};
		A951C1562B05664400885E30 /* Movies */ = {
			isa = PBXGroup;
			children = (
				A951C18C2B058AD300885E30 /* Networking */,
				A951C1702B05670900885E30 /* Resources */,
				A951C16E2B0566FB00885E30 /* ViewModels */,
				A951C16F2B05670500885E30 /* Util */,
				A951C16D2B0566ED00885E30 /* Models */,
				A951C16C2B0566E300885E30 /* Views */,
				A951C16B2B0566DC00885E30 /* Controllers */,
				A951C1572B05664400885E30 /* AppDelegate.swift */,
			);
			path = Movies;
			sourceTree = "<group>";
		};
		A951C16B2B0566DC00885E30 /* Controllers */ = {
			isa = PBXGroup;
			children = (
				A951C19E2B0B02F400885E30 /* MovieDetailController */,
				A951C1782B05696400885E30 /* MainViewController */,
			);
			path = Controllers;
			sourceTree = "<group>";
		};
		A951C16C2B0566E300885E30 /* Views */ = {
			isa = PBXGroup;
			children = (
				A951C17D2B056BCC00885E30 /* MainTableViewCell */,
				A951C1622B05664700885E30 /* LaunchScreen.storyboard */,
			);
			path = Views;
			sourceTree = "<group>";
		};
		A951C16D2B0566ED00885E30 /* Models */ = {
			isa = PBXGroup;
			children = (
				A951C1862B05820900885E30 /* Movie.swift */,
				A951C1882B05824B00885E30 /* TrendingMovieResponse.swift */,
			);
			path = Models;
			sourceTree = "<group>";
		};
		A951C16E2B0566FB00885E30 /* ViewModels */ = {
			isa = PBXGroup;
			children = (
				A951C1752B05684B00885E30 /* MainViewModel.swift */,
				A951C19A2B0AF0E500885E30 /* MovieCellEntry.swift */,
			);
			path = ViewModels;
			sourceTree = "<group>";
		};
		A951C16F2B05670500885E30 /* Util */ = {
			isa = PBXGroup;
			children = (
				A951C1822B057F5700885E30 /* Constants.swift */,
			);
			path = Util;
			sourceTree = "<group>";
		};
		A951C1702B05670900885E30 /* Resources */ = {
			isa = PBXGroup;
			children = (
				A951C1982B06D0F400885E30 /* TMDBKey.plist */,
				A951C1652B05664700885E30 /* Info.plist */,
				A951C1602B05664700885E30 /* Assets.xcassets */,
			);
			path = Resources;
			sourceTree = "<group>";
		};
		A951C1782B05696400885E30 /* MainViewController */ = {
			isa = PBXGroup;
			children = (
				A951C1712B05673B00885E30 /* MainViewController.swift */,
				A951C17B2B056B8A00885E30 /* MainViewController+TableView.swift */,
				A951C1792B056A7B00885E30 /* MainViewController.storyboard */,
			);
			path = MainViewController;
			sourceTree = "<group>";
		};
		A951C17D2B056BCC00885E30 /* MainTableViewCell */ = {
			isa = PBXGroup;
			children = (
				A951C1802B056BF300885E30 /* MainTableViewCell.swift */,
				A951C17E2B056BE700885E30 /* MainTableViewCell.xib */,
			);
			path = MainTableViewCell;
			sourceTree = "<group>";
		};
		A951C18C2B058AD300885E30 /* Networking */ = {
			isa = PBXGroup;
			children = (
				A951C1912B058D0000885E30 /* Helper */,
				A951C1942B058D5B00885E30 /* MovieService.swift */,
			);
			path = Networking;
			sourceTree = "<group>";
		};
		A951C1912B058D0000885E30 /* Helper */ = {
			isa = PBXGroup;
			children = (
				A951C18F2B058B5800885E30 /* RequestFactory.swift */,
				A951C18D2B058B2C00885E30 /* DataTaskFactory.swift */,
				A951C18A2B0588DB00885E30 /* URLResponse+Extension.swift */,
				A951C1962B06CADF00885E30 /* NetworkError.swift */,
			);
			path = Helper;
			sourceTree = "<group>";
		};
		A951C19E2B0B02F400885E30 /* MovieDetailController */ = {
			isa = PBXGroup;
			children = (
				A951C19F2B0B030700885E30 /* MovieDetailViewController.swift */,
				A951C1A12B0B031400885E30 /* MovieDetailViewController.storyboard */,
			);
			path = MovieDetailController;
			sourceTree = "<group>";
		};
/* End PBXGroup section */

/* Begin PBXNativeTarget section */
		A951C1532B05664400885E30 /* Movies */ = {
			isa = PBXNativeTarget;
			buildConfigurationList = A951C1682B05664700885E30 /* Build configuration list for PBXNativeTarget "Movies" */;
			buildPhases = (
				A951C1502B05664400885E30 /* Sources */,
				A951C1512B05664400885E30 /* Frameworks */,
				A951C1522B05664400885E30 /* Resources */,
			);
			buildRules = (
			);
			dependencies = (
			);
			name = Movies;
			productName = Movies;
			productReference = A951C1542B05664400885E30 /* Movies.app */;
			productType = "com.apple.product-type.application";
		};
/* End PBXNativeTarget section */

/* Begin PBXProject section */
		A951C14C2B05664400885E30 /* Project object */ = {
			isa = PBXProject;
			attributes = {
				BuildIndependentTargetsInParallel = 1;
				LastSwiftUpdateCheck = 1500;
				LastUpgradeCheck = 1500;
				TargetAttributes = {
					A951C1532B05664400885E30 = {
						CreatedOnToolsVersion = 15.0;
					};
				};
			};
			buildConfigurationList = A951C14F2B05664400885E30 /* Build configuration list for PBXProject "Movies" */;
			compatibilityVersion = "Xcode 14.0";
			developmentRegion = en;
			hasScannedForEncodings = 0;
			knownRegions = (
				en,
				Base,
			);
			mainGroup = A951C14B2B05664400885E30;
			productRefGroup = A951C1552B05664400885E30 /* Products */;
			projectDirPath = "";
			projectRoot = "";
			targets = (
				A951C1532B05664400885E30 /* Movies */,
			);
		};
/* End PBXProject section */

/* Begin PBXResourcesBuildPhase section */
		A951C1522B05664400885E30 /* Resources */ = {
			isa = PBXResourcesBuildPhase;
			buildActionMask = 2147483647;
			files = (
				A951C17A2B056A7B00885E30 /* MainViewController.storyboard in Resources */,
				A951C1642B05664700885E30 /* LaunchScreen.storyboard in Resources */,
				A951C17F2B056BE700885E30 /* MainTableViewCell.xib in Resources */,
				A951C1A22B0B031400885E30 /* MovieDetailViewController.storyboard in Resources */,
				A951C1612B05664700885E30 /* Assets.xcassets in Resources */,
				A951C1992B06D0F400885E30 /* TMDBKey.plist in Resources */,
			);
			runOnlyForDeploymentPostprocessing = 0;
		};
/* End PBXResourcesBuildPhase section */

/* Begin PBXSourcesBuildPhase section */
		A951C1502B05664400885E30 /* Sources */ = {
			isa = PBXSourcesBuildPhase;
			buildActionMask = 2147483647;
			files = (
				A951C1902B058B5800885E30 /* RequestFactory.swift in Sources */,
				A951C1A02B0B030700885E30 /* MovieDetailViewController.swift in Sources */,
				A951C1732B05673B00885E30 /* MainViewController.swift in Sources */,
				A951C1582B05664400885E30 /* AppDelegate.swift in Sources */,
				A951C1762B05684B00885E30 /* MainViewModel.swift in Sources */,
				A951C17C2B056B8A00885E30 /* MainViewController+TableView.swift in Sources */,
				A951C1812B056BF300885E30 /* MainTableViewCell.swift in Sources */,
				A951C1952B058D5B00885E30 /* MovieService.swift in Sources */,
				A951C19B2B0AF0E500885E30 /* MovieCellEntry.swift in Sources */,
				A951C18B2B0588DB00885E30 /* URLResponse+Extension.swift in Sources */,
				A951C1872B05820900885E30 /* Movie.swift in Sources */,
				A951C1832B057F5700885E30 /* Constants.swift in Sources */,
				A951C1972B06CADF00885E30 /* NetworkError.swift in Sources */,
				A951C1892B05824B00885E30 /* TrendingMovieResponse.swift in Sources */,
				A951C18E2B058B2C00885E30 /* DataTaskFactory.swift in Sources */,
			);
			runOnlyForDeploymentPostprocessing = 0;
		};
/* End PBXSourcesBuildPhase section */

/* Begin PBXVariantGroup section */
		A951C1622B05664700885E30 /* LaunchScreen.storyboard */ = {
			isa = PBXVariantGroup;
			children = (
				A951C1632B05664700885E30 /* Base */,
			);
			name = LaunchScreen.storyboard;
			sourceTree = "<group>";
		};
/* End PBXVariantGroup section */

/* Begin XCBuildConfiguration section */
		A951C1662B05664700885E30 /* Debug */ = {
			isa = XCBuildConfiguration;
			buildSettings = {
				ALWAYS_SEARCH_USER_PATHS = NO;
				ASSETCATALOG_COMPILER_GENERATE_SWIFT_ASSET_SYMBOL_EXTENSIONS = YES;
				CLANG_ANALYZER_NONNULL = YES;
				CLANG_ANALYZER_NUMBER_OBJECT_CONVERSION = YES_AGGRESSIVE;
				CLANG_CXX_LANGUAGE_STANDARD = "gnu++20";
				CLANG_ENABLE_MODULES = YES;
				CLANG_ENABLE_OBJC_ARC = YES;
				CLANG_ENABLE_OBJC_WEAK = YES;
				CLANG_WARN_BLOCK_CAPTURE_AUTORELEASING = YES;
				CLANG_WARN_BOOL_CONVERSION = YES;
				CLANG_WARN_COMMA = YES;
				CLANG_WARN_CONSTANT_CONVERSION = YES;
				CLANG_WARN_DEPRECATED_OBJC_IMPLEMENTATIONS = YES;
				CLANG_WARN_DIRECT_OBJC_ISA_USAGE = YES_ERROR;
				CLANG_WARN_DOCUMENTATION_COMMENTS = YES;
				CLANG_WARN_EMPTY_BODY = YES;
				CLANG_WARN_ENUM_CONVERSION = YES;
				CLANG_WARN_INFINITE_RECURSION = YES;
				CLANG_WARN_INT_CONVERSION = YES;
				CLANG_WARN_NON_LITERAL_NULL_CONVERSION = YES;
				CLANG_WARN_OBJC_IMPLICIT_RETAIN_SELF = YES;
				CLANG_WARN_OBJC_LITERAL_CONVERSION = YES;
				CLANG_WARN_OBJC_ROOT_CLASS = YES_ERROR;
				CLANG_WARN_QUOTED_INCLUDE_IN_FRAMEWORK_HEADER = YES;
				CLANG_WARN_RANGE_LOOP_ANALYSIS = YES;
				CLANG_WARN_STRICT_PROTOTYPES = YES;
				CLANG_WARN_SUSPICIOUS_MOVE = YES;
				CLANG_WARN_UNGUARDED_AVAILABILITY = YES_AGGRESSIVE;
				CLANG_WARN_UNREACHABLE_CODE = YES;
				CLANG_WARN__DUPLICATE_METHOD_MATCH = YES;
				COPY_PHASE_STRIP = NO;
				DEBUG_INFORMATION_FORMAT = dwarf;
				ENABLE_STRICT_OBJC_MSGSEND = YES;
				ENABLE_TESTABILITY = YES;
				ENABLE_USER_SCRIPT_SANDBOXING = YES;
				GCC_C_LANGUAGE_STANDARD = gnu17;
				GCC_DYNAMIC_NO_PIC = NO;
				GCC_NO_COMMON_BLOCKS = YES;
				GCC_OPTIMIZATION_LEVEL = 0;
				GCC_PREPROCESSOR_DEFINITIONS = (
					"DEBUG=1",
					"$(inherited)",
				);
				GCC_WARN_64_TO_32_BIT_CONVERSION = YES;
				GCC_WARN_ABOUT_RETURN_TYPE = YES_ERROR;
				GCC_WARN_UNDECLARED_SELECTOR = YES;
				GCC_WARN_UNINITIALIZED_AUTOS = YES_AGGRESSIVE;
				GCC_WARN_UNUSED_FUNCTION = YES;
				GCC_WARN_UNUSED_VARIABLE = YES;
				IPHONEOS_DEPLOYMENT_TARGET = 17.0;
				LOCALIZATION_PREFERS_STRING_CATALOGS = YES;
				MTL_ENABLE_DEBUG_INFO = INCLUDE_SOURCE;
				MTL_FAST_MATH = YES;
				ONLY_ACTIVE_ARCH = YES;
				SDKROOT = iphoneos;
				SWIFT_ACTIVE_COMPILATION_CONDITIONS = "DEBUG $(inherited)";
				SWIFT_OPTIMIZATION_LEVEL = "-Onone";
			};
			name = Debug;
		};
		A951C1672B05664700885E30 /* Release */ = {
			isa = XCBuildConfiguration;
			buildSettings = {
				ALWAYS_SEARCH_USER_PATHS = NO;
				ASSETCATALOG_COMPILER_GENERATE_SWIFT_ASSET_SYMBOL_EXTENSIONS = YES;
				CLANG_ANALYZER_NONNULL = YES;
				CLANG_ANALYZER_NUMBER_OBJECT_CONVERSION = YES_AGGRESSIVE;
				CLANG_CXX_LANGUAGE_STANDARD = "gnu++20";
				CLANG_ENABLE_MODULES = YES;
				CLANG_ENABLE_OBJC_ARC = YES;
				CLANG_ENABLE_OBJC_WEAK = YES;
				CLANG_WARN_BLOCK_CAPTURE_AUTORELEASING = YES;
				CLANG_WARN_BOOL_CONVERSION = YES;
				CLANG_WARN_COMMA = YES;
				CLANG_WARN_CONSTANT_CONVERSION = YES;
				CLANG_WARN_DEPRECATED_OBJC_IMPLEMENTATIONS = YES;
				CLANG_WARN_DIRECT_OBJC_ISA_USAGE = YES_ERROR;
				CLANG_WARN_DOCUMENTATION_COMMENTS = YES;
				CLANG_WARN_EMPTY_BODY = YES;
				CLANG_WARN_ENUM_CONVERSION = YES;
				CLANG_WARN_INFINITE_RECURSION = YES;
				CLANG_WARN_INT_CONVERSION = YES;
				CLANG_WARN_NON_LITERAL_NULL_CONVERSION = YES;
				CLANG_WARN_OBJC_IMPLICIT_RETAIN_SELF = YES;
				CLANG_WARN_OBJC_LITERAL_CONVERSION = YES;
				CLANG_WARN_OBJC_ROOT_CLASS = YES_ERROR;
				CLANG_WARN_QUOTED_INCLUDE_IN_FRAMEWORK_HEADER = YES;
				CLANG_WARN_RANGE_LOOP_ANALYSIS = YES;
				CLANG_WARN_STRICT_PROTOTYPES = YES;
				CLANG_WARN_SUSPICIOUS_MOVE = YES;
				CLANG_WARN_UNGUARDED_AVAILABILITY = YES_AGGRESSIVE;
				CLANG_WARN_UNREACHABLE_CODE = YES;
				CLANG_WARN__DUPLICATE_METHOD_MATCH = YES;
				COPY_PHASE_STRIP = NO;
				DEBUG_INFORMATION_FORMAT = "dwarf-with-dsym";
				ENABLE_NS_ASSERTIONS = NO;
				ENABLE_STRICT_OBJC_MSGSEND = YES;
				ENABLE_USER_SCRIPT_SANDBOXING = YES;
				GCC_C_LANGUAGE_STANDARD = gnu17;
				GCC_NO_COMMON_BLOCKS = YES;
				GCC_WARN_64_TO_32_BIT_CONVERSION = YES;
				GCC_WARN_ABOUT_RETURN_TYPE = YES_ERROR;
				GCC_WARN_UNDECLARED_SELECTOR = YES;
				GCC_WARN_UNINITIALIZED_AUTOS = YES_AGGRESSIVE;
				GCC_WARN_UNUSED_FUNCTION = YES;
				GCC_WARN_UNUSED_VARIABLE = YES;
				IPHONEOS_DEPLOYMENT_TARGET = 17.0;
				LOCALIZATION_PREFERS_STRING_CATALOGS = YES;
				MTL_ENABLE_DEBUG_INFO = NO;
				MTL_FAST_MATH = YES;
				SDKROOT = iphoneos;
				SWIFT_COMPILATION_MODE = wholemodule;
				VALIDATE_PRODUCT = YES;
			};
			name = Release;
		};
		A951C1692B05664700885E30 /* Debug */ = {
			isa = XCBuildConfiguration;
			buildSettings = {
				ASSETCATALOG_COMPILER_APPICON_NAME = AppIcon;
				ASSETCATALOG_COMPILER_GLOBAL_ACCENT_COLOR_NAME = AccentColor;
				CODE_SIGN_STYLE = Automatic;
				CURRENT_PROJECT_VERSION = 1;
				DEVELOPMENT_TEAM = FJAA2F3LCL;
				GENERATE_INFOPLIST_FILE = YES;
				INFOPLIST_FILE = Movies/Resources/Info.plist;
				INFOPLIST_KEY_UIApplicationSupportsIndirectInputEvents = YES;
				INFOPLIST_KEY_UILaunchStoryboardName = LaunchScreen;
				INFOPLIST_KEY_UISupportedInterfaceOrientations_iPad = "UIInterfaceOrientationPortrait UIInterfaceOrientationPortraitUpsideDown UIInterfaceOrientationLandscapeLeft UIInterfaceOrientationLandscapeRight";
				INFOPLIST_KEY_UISupportedInterfaceOrientations_iPhone = "UIInterfaceOrientationPortrait UIInterfaceOrientationLandscapeLeft UIInterfaceOrientationLandscapeRight";
				LD_RUNPATH_SEARCH_PATHS = (
					"$(inherited)",
					"@executable_path/Frameworks",
				);
				MARKETING_VERSION = 1.0;
				PRODUCT_BUNDLE_IDENTIFIER = com.ricardosm.Movies;
				PRODUCT_NAME = "$(TARGET_NAME)";
				SWIFT_EMIT_LOC_STRINGS = YES;
				SWIFT_VERSION = 5.0;
				TARGETED_DEVICE_FAMILY = "1,2";
			};
			name = Debug;
		};
		A951C16A2B05664700885E30 /* Release */ = {
			isa = XCBuildConfiguration;
			buildSettings = {
				ASSETCATALOG_COMPILER_APPICON_NAME = AppIcon;
				ASSETCATALOG_COMPILER_GLOBAL_ACCENT_COLOR_NAME = AccentColor;
				CODE_SIGN_STYLE = Automatic;
				CURRENT_PROJECT_VERSION = 1;
				DEVELOPMENT_TEAM = FJAA2F3LCL;
				GENERATE_INFOPLIST_FILE = YES;
				INFOPLIST_FILE = Movies/Resources/Info.plist;
				INFOPLIST_KEY_UIApplicationSupportsIndirectInputEvents = YES;
				INFOPLIST_KEY_UILaunchStoryboardName = LaunchScreen;
				INFOPLIST_KEY_UISupportedInterfaceOrientations_iPad = "UIInterfaceOrientationPortrait UIInterfaceOrientationPortraitUpsideDown UIInterfaceOrientationLandscapeLeft UIInterfaceOrientationLandscapeRight";
				INFOPLIST_KEY_UISupportedInterfaceOrientations_iPhone = "UIInterfaceOrientationPortrait UIInterfaceOrientationLandscapeLeft UIInterfaceOrientationLandscapeRight";
				LD_RUNPATH_SEARCH_PATHS = (
					"$(inherited)",
					"@executable_path/Frameworks",
				);
				MARKETING_VERSION = 1.0;
				PRODUCT_BUNDLE_IDENTIFIER = com.ricardosm.Movies;
				PRODUCT_NAME = "$(TARGET_NAME)";
				SWIFT_EMIT_LOC_STRINGS = YES;
				SWIFT_VERSION = 5.0;
				TARGETED_DEVICE_FAMILY = "1,2";
			};
			name = Release;
		};
/* End XCBuildConfiguration section */

/* Begin XCConfigurationList section */
		A951C14F2B05664400885E30 /* Build configuration list for PBXProject "Movies" */ = {
			isa = XCConfigurationList;
			buildConfigurations = (
				A951C1662B05664700885E30 /* Debug */,
				A951C1672B05664700885E30 /* Release */,
			);
			defaultConfigurationIsVisible = 0;
			defaultConfigurationName = Release;
		};
		A951C1682B05664700885E30 /* Build configuration list for PBXNativeTarget "Movies" */ = {
			isa = XCConfigurationList;
			buildConfigurations = (
				A951C1692B05664700885E30 /* Debug */,
				A951C16A2B05664700885E30 /* Release */,
			);
			defaultConfigurationIsVisible = 0;
			defaultConfigurationName = Release;
		};
/* End XCConfigurationList section */
	};
	rootObject = A951C14C2B05664400885E30 /* Project object */;
}
